
Microsoft Visual Studio Solution File, Format Version 12.00
# Visual Studio Version 16
VisualStudioVersion = 16.0.30002.166
MinimumVisualStudioVersion = 10.0.40219.1
Project("{FAE04EC0-301F-11D3-BF4B-00C04F79EFBC}") = "SalesWebMvc", "SalesWebMvc\SalesWebMvc.csproj", "{5CC4843C-190A-459E-AC93-662E19145B5F}"
EndProject
Global
	GlobalSection(SolutionConfigurationPlatforms) = preSolution
		Debug|Any CPU = Debug|Any CPU
		Release|Any CPU = Release|Any CPU
	EndGlobalSection
	GlobalSection(ProjectConfigurationPlatforms) = postSolution
		{5CC4843C-190A-459E-AC93-662E19145B5F}.Debug|Any CPU.ActiveCfg = Debug|Any CPU
		{5CC4843C-190A-459E-AC93-662E19145B5F}.Debug|Any CPU.Build.0 = Debug|Any CPU
		{5CC4843C-190A-459E-AC93-662E19145B5F}.Release|Any CPU.ActiveCfg = Release|Any CPU
		{5CC4843C-190A-459E-AC93-662E19145B5F}.Release|Any CPU.Build.0 = Release|Any CPU
	EndGlobalSection
	GlobalSection(SolutionProperties) = preSolution
		HideSolutionNode = FALSE
	EndGlobalSection
	GlobalSection(ExtensibilityGlobals) = postSolution
		SolutionGuid = {8C76A06A-E824-4896-B53F-0D2EA4BA6FD9}
	EndGlobalSection
EndGlobal
